
Microsoft Visual Studio Solution File, Format Version 12.00
# Visual Studio 15
VisualStudioVersion = 15.0.28307.168
MinimumVisualStudioVersion = 10.0.40219.1
Project("{FAE04EC0-301F-11D3-BF4B-00C04F79EFBC}") = "OSRS Hiscores Checker", "OSRS Hiscores Checker\OSRS Hiscores Checker.csproj", "{6FA8D161-D76B-402E-B387-655206F1743D}"
EndProject
Global
	GlobalSection(SolutionConfigurationPlatforms) = preSolution
		Debug|Any CPU = Debug|Any CPU
		Release|Any CPU = Release|Any CPU
	EndGlobalSection
	GlobalSection(ProjectConfigurationPlatforms) = postSolution
		{6FA8D161-D76B-402E-B387-655206F1743D}.Debug|Any CPU.ActiveCfg = Debug|Any CPU
		{6FA8D161-D76B-402E-B387-655206F1743D}.Debug|Any CPU.Build.0 = Debug|Any CPU
		{6FA8D161-D76B-402E-B387-655206F1743D}.Release|Any CPU.ActiveCfg = Release|Any CPU
		{6FA8D161-D76B-402E-B387-655206F1743D}.Release|Any CPU.Build.0 = Release|Any CPU
	EndGlobalSection
	GlobalSection(SolutionProperties) = preSolution
		HideSolutionNode = FALSE
	EndGlobalSection
	GlobalSection(ExtensibilityGlobals) = postSolution
		SolutionGuid = {4D7E8944-C371-4733-9CAD-1279C1839620}
	EndGlobalSection
EndGlobal
